{
  "version": 4,
  "terraform_version": "0.12.12",
  "serial": 1,
  "lineage": "0f84b261-8b1a-55b9-82fa-4fabc428ab50",
  "outputs": {},
  "resources": [
    {
      "mode": "managed",
      "type": "digitalocean_droplet",
      "name": "smartsearch-app02",
      "provider": "provider.digitalocean",
      "instances": [
        {
          "status": "tainted",
          "schema_version": 1,
          "attributes": {
            "backups": false,
            "created_at": "2019-10-28T23:39:12Z",
            "disk": 50,
            "id": "164758672",
            "image": "ubuntu-18-04-x64",
            "ipv4_address": "198.199.74.180",
            "ipv4_address_private": "10.136.115.92",
            "ipv6": false,
            "ipv6_address": "",
            "ipv6_address_private": null,
            "locked": false,
            "memory": 2048,
            "monitoring": false,
            "name": "smartsearch-app02.fiap.lab",
            "price_hourly": 0.01488,
            "price_monthly": 10,
            "private_networking": true,
            "region": "nyc1",
            "resize_disk": true,
            "size": "s-1vcpu-2gb",
            "ssh_keys": [
              "6d:bf:c3:ce:2d:39:e7:cf:1c:fb:cf:1a:c5:9b:6a:73"
            ],
            "status": "active",
            "tags": null,
            "urn": "do:droplet:164758672",
            "user_data": null,
            "vcpus": 1,
            "volume_ids": []
          },
          "private": "eyJzY2hlbWFfdmVyc2lvbiI6IjEifQ=="
        }
      ]
    },
    {
      "mode": "managed",
      "type": "digitalocean_project",
      "name": "SmartSearch",
      "provider": "provider.digitalocean",
      "instances": []
    }
  ]
}
